// !$*UTF8*$!
{
	archiveVersion = 1;
	classes = {
	};
	objectVersion = 46;
	objects = {

/* Begin PBXBuildFile section */
		039BB4EA1CBE38310060B6C1 /* main.m in Sources */ = {isa = PBXBuildFile; fileRef = 039BB4E91CBE38310060B6C1 /* main.m */; };
		039BB4ED1CBE38310060B6C1 /* AppDelegate.m in Sources */ = {isa = PBXBuildFile; fileRef = 039BB4EC1CBE38310060B6C1 /* AppDelegate.m */; };
		039BB4F01CBE38310060B6C1 /* ViewController.m in Sources */ = {isa = PBXBuildFile; fileRef = 039BB4EF1CBE38310060B6C1 /* ViewController.m */; };
		039BB4F31CBE38310060B6C1 /* Main.storyboard in Resources */ = {isa = PBXBuildFile; fileRef = 039BB4F11CBE38310060B6C1 /* Main.storyboard */; };
		039BB4F51CBE38310060B6C1 /* Assets.xcassets in Resources */ = {isa = PBXBuildFile; fileRef = 039BB4F41CBE38310060B6C1 /* Assets.xcassets */; };
		039BB4F81CBE38310060B6C1 /* LaunchScreen.storyboard in Resources */ = {isa = PBXBuildFile; fileRef = 039BB4F61CBE38310060B6C1 /* LaunchScreen.storyboard */; };
		039BB5031CBE38320060B6C1 /* BluetoothDemoTests.m in Sources */ = {isa = PBXBuildFile; fileRef = 039BB5021CBE38320060B6C1 /* BluetoothDemoTests.m */; };
		039BB50E1CBE38320060B6C1 /* BluetoothDemoUITests.m in Sources */ = {isa = PBXBuildFile; fileRef = 039BB50D1CBE38320060B6C1 /* BluetoothDemoUITests.m */; };
		039BB51D1CBE38620060B6C1 /* BlueTooth.m in Sources */ = {isa = PBXBuildFile; fileRef = 039BB51C1CBE38620060B6C1 /* BlueTooth.m */; };
		039BB5201CBE3D860060B6C1 /* MessageViewController.m in Sources */ = {isa = PBXBuildFile; fileRef = 039BB51F1CBE3D860060B6C1 /* MessageViewController.m */; };
		8478261A36D484E05C6B4517 /* libPods-BluetoothDemo.a in Frameworks */ = {isa = PBXBuildFile; fileRef = C4EC269431770B097742ED62 /* libPods-BluetoothDemo.a */; };
/* End PBXBuildFile section */

/* Begin PBXContainerItemProxy section */
		039BB4FF1CBE38320060B6C1 /* PBXContainerItemProxy */ = {
			isa = PBXContainerItemProxy;
			containerPortal = 039BB4DD1CBE38310060B6C1 /* Project object */;
			proxyType = 1;
			remoteGlobalIDString = 039BB4E41CBE38310060B6C1;
			remoteInfo = BluetoothDemo;
		};
		039BB50A1CBE38320060B6C1 /* PBXContainerItemProxy */ = {
			isa = PBXContainerItemProxy;
			containerPortal = 039BB4DD1CBE38310060B6C1 /* Project object */;
			proxyType = 1;
			remoteGlobalIDString = 039BB4E41CBE38310060B6C1;
			remoteInfo = BluetoothDemo;
		};
/* End PBXContainerItemProxy section */

/* Begin PBXFileReference section */
		039BB4E51CBE38310060B6C1 /* BluetoothDemo.app */ = {isa = PBXFileReference; explicitFileType = wrapper.application; includeInIndex = 0; path = BluetoothDemo.app; sourceTree = BUILT_PRODUCTS_DIR; };
		039BB4E91CBE38310060B6C1 /* main.m */ = {isa = PBXFileReference; lastKnownFileType = sourcecode.c.objc; path = main.m; sourceTree = "<group>"; };
		039BB4EB1CBE38310060B6C1 /* AppDelegate.h */ = {isa = PBXFileReference; lastKnownFileType = sourcecode.c.h; path = AppDelegate.h; sourceTree = "<group>"; };
		039BB4EC1CBE38310060B6C1 /* AppDelegate.m */ = {isa = PBXFileReference; lastKnownFileType = sourcecode.c.objc; path = AppDelegate.m; sourceTree = "<group>"; };
		039BB4EE1CBE38310060B6C1 /* ViewController.h */ = {isa = PBXFileReference; lastKnownFileType = sourcecode.c.h; path = ViewController.h; sourceTree = "<group>"; };
		039BB4EF1CBE38310060B6C1 /* ViewController.m */ = {isa = PBXFileReference; lastKnownFileType = sourcecode.c.objc; path = ViewController.m; sourceTree = "<group>"; };
		039BB4F21CBE38310060B6C1 /* Base */ = {isa = PBXFileReference; lastKnownFileType = file.storyboard; name = Base; path = Base.lproj/Main.storyboard; sourceTree = "<group>"; };
		039BB4F41CBE38310060B6C1 /* Assets.xcassets */ = {isa = PBXFileReference; lastKnownFileType = folder.assetcatalog; path = Assets.xcassets; sourceTree = "<group>"; };
		039BB4F71CBE38310060B6C1 /* Base */ = {isa = PBXFileReference; lastKnownFileType = file.storyboard; name = Base; path = Base.lproj/LaunchScreen.storyboard; sourceTree = "<group>"; };
		039BB4F91CBE38310060B6C1 /* Info.plist */ = {isa = PBXFileReference; lastKnownFileType = text.plist.xml; path = Info.plist; sourceTree = "<group>"; };
		039BB4FE1CBE38320060B6C1 /* BluetoothDemoTests.xctest */ = {isa = PBXFileReference; explicitFileType = wrapper.cfbundle; includeInIndex = 0; path = BluetoothDemoTests.xctest; sourceTree = BUILT_PRODUCTS_DIR; };
		039BB5021CBE38320060B6C1 /* BluetoothDemoTests.m */ = {isa = PBXFileReference; lastKnownFileType = sourcecode.c.objc; path = BluetoothDemoTests.m; sourceTree = "<group>"; };
		039BB5041CBE38320060B6C1 /* Info.plist */ = {isa = PBXFileReference; lastKnownFileType = text.plist.xml; path = Info.plist; sourceTree = "<group>"; };
		039BB5091CBE38320060B6C1 /* BluetoothDemoUITests.xctest */ = {isa = PBXFileReference; explicitFileType = wrapper.cfbundle; includeInIndex = 0; path = BluetoothDemoUITests.xctest; sourceTree = BUILT_PRODUCTS_DIR; };
		039BB50D1CBE38320060B6C1 /* BluetoothDemoUITests.m */ = {isa = PBXFileReference; lastKnownFileType = sourcecode.c.objc; path = BluetoothDemoUITests.m; sourceTree = "<group>"; };
		039BB50F1CBE38320060B6C1 /* Info.plist */ = {isa = PBXFileReference; lastKnownFileType = text.plist.xml; path = Info.plist; sourceTree = "<group>"; };
		039BB51B1CBE38620060B6C1 /* BlueTooth.h */ = {isa = PBXFileReference; fileEncoding = 4; lastKnownFileType = sourcecode.c.h; name = BlueTooth.h; path = ../Bluetooth/BlueTooth.h; sourceTree = "<group>"; };
		039BB51C1CBE38620060B6C1 /* BlueTooth.m */ = {isa = PBXFileReference; fileEncoding = 4; lastKnownFileType = sourcecode.c.objc; name = BlueTooth.m; path = ../Bluetooth/BlueTooth.m; sourceTree = "<group>"; };
		039BB51E1CBE3D860060B6C1 /* MessageViewController.h */ = {isa = PBXFileReference; fileEncoding = 4; lastKnownFileType = sourcecode.c.h; path = MessageViewController.h; sourceTree = "<group>"; };
		039BB51F1CBE3D860060B6C1 /* MessageViewController.m */ = {isa = PBXFileReference; fileEncoding = 4; lastKnownFileType = sourcecode.c.objc; path = MessageViewController.m; sourceTree = "<group>"; };
		2F29A10B8F1FA0102B89B1B0 /* Pods-BluetoothDemo.release.xcconfig */ = {isa = PBXFileReference; includeInIndex = 1; lastKnownFileType = text.xcconfig; name = "Pods-BluetoothDemo.release.xcconfig"; path = "Pods/Target Support Files/Pods-BluetoothDemo/Pods-BluetoothDemo.release.xcconfig"; sourceTree = "<group>"; };
		6B49079A059C0413504FCC28 /* Pods-BluetoothDemo.debug.xcconfig */ = {isa = PBXFileReference; includeInIndex = 1; lastKnownFileType = text.xcconfig; name = "Pods-BluetoothDemo.debug.xcconfig"; path = "Pods/Target Support Files/Pods-BluetoothDemo/Pods-BluetoothDemo.debug.xcconfig"; sourceTree = "<group>"; };
		C4EC269431770B097742ED62 /* libPods-BluetoothDemo.a */ = {isa = PBXFileReference; explicitFileType = archive.ar; includeInIndex = 0; path = "libPods-BluetoothDemo.a"; sourceTree = BUILT_PRODUCTS_DIR; };
/* End PBXFileReference section */

/* Begin PBXFrameworksBuildPhase section */
		039BB4E21CBE38310060B6C1 /* Frameworks */ = {
			isa = PBXFrameworksBuildPhase;
			buildActionMask = 2147483647;
			files = (
				8478261A36D484E05C6B4517 /* libPods-BluetoothDemo.a in Frameworks */,
			);
			runOnlyForDeploymentPostprocessing = 0;
		};
		039BB4FB1CBE38320060B6C1 /* Frameworks */ = {
			isa = PBXFrameworksBuildPhase;
			buildActionMask = 2147483647;
			files = (
			);
			runOnlyForDeploymentPostprocessing = 0;
		};
		039BB5061CBE38320060B6C1 /* Frameworks */ = {
			isa = PBXFrameworksBuildPhase;
			buildActionMask = 2147483647;
			files = (
			);
			runOnlyForDeploymentPostprocessing = 0;
		};
/* End PBXFrameworksBuildPhase section */

/* Begin PBXGroup section */
		039BB4DC1CBE38310060B6C1 = {
			isa = PBXGroup;
			children = (
				039BB51B1CBE38620060B6C1 /* BlueTooth.h */,
				039BB51C1CBE38620060B6C1 /* BlueTooth.m */,
				039BB4E71CBE38310060B6C1 /* BluetoothDemo */,
				039BB5011CBE38320060B6C1 /* BluetoothDemoTests */,
				039BB50C1CBE38320060B6C1 /* BluetoothDemoUITests */,
				039BB4E61CBE38310060B6C1 /* Products */,
				AA49BAE3742A3279640327B0 /* Pods */,
				5C5D38A6744549F0A040B3EB /* Frameworks */,
			);
			sourceTree = "<group>";
		};
		039BB4E61CBE38310060B6C1 /* Products */ = {
			isa = PBXGroup;
			children = (
				039BB4E51CBE38310060B6C1 /* BluetoothDemo.app */,
				039BB4FE1CBE38320060B6C1 /* BluetoothDemoTests.xctest */,
				039BB5091CBE38320060B6C1 /* BluetoothDemoUITests.xctest */,
			);
			name = Products;
			sourceTree = "<group>";
		};
		039BB4E71CBE38310060B6C1 /* BluetoothDemo */ = {
			isa = PBXGroup;
			children = (
				039BB4EB1CBE38310060B6C1 /* AppDelegate.h */,
				039BB4EC1CBE38310060B6C1 /* AppDelegate.m */,
				039BB4EE1CBE38310060B6C1 /* ViewController.h */,
				039BB4EF1CBE38310060B6C1 /* ViewController.m */,
				039BB51E1CBE3D860060B6C1 /* MessageViewController.h */,
				039BB51F1CBE3D860060B6C1 /* MessageViewController.m */,
				039BB4F11CBE38310060B6C1 /* Main.storyboard */,
				039BB4F41CBE38310060B6C1 /* Assets.xcassets */,
				039BB4F61CBE38310060B6C1 /* LaunchScreen.storyboard */,
				039BB4F91CBE38310060B6C1 /* Info.plist */,
				039BB4E81CBE38310060B6C1 /* Supporting Files */,
			);
			path = BluetoothDemo;
			sourceTree = "<group>";
		};
		039BB4E81CBE38310060B6C1 /* Supporting Files */ = {
			isa = PBXGroup;
			children = (
				039BB4E91CBE38310060B6C1 /* main.m */,
			);
			name = "Supporting Files";
			sourceTree = "<group>";
		};
		039BB5011CBE38320060B6C1 /* BluetoothDemoTests */ = {
			isa = PBXGroup;
			children = (
				039BB5021CBE38320060B6C1 /* BluetoothDemoTests.m */,
				039BB5041CBE38320060B6C1 /* Info.plist */,
			);
			path = BluetoothDemoTests;
			sourceTree = "<group>";
		};
		039BB50C1CBE38320060B6C1 /* BluetoothDemoUITests */ = {
			isa = PBXGroup;
			children = (
				039BB50D1CBE38320060B6C1 /* BluetoothDemoUITests.m */,
				039BB50F1CBE38320060B6C1 /* Info.plist */,
			);
			path = BluetoothDemoUITests;
			sourceTree = "<group>";
		};
		5C5D38A6744549F0A040B3EB /* Frameworks */ = {
			isa = PBXGroup;
			children = (
				C4EC269431770B097742ED62 /* libPods-BluetoothDemo.a */,
			);
			name = Frameworks;
			sourceTree = "<group>";
		};
		AA49BAE3742A3279640327B0 /* Pods */ = {
			isa = PBXGroup;
			children = (
				6B49079A059C0413504FCC28 /* Pods-BluetoothDemo.debug.xcconfig */,
				2F29A10B8F1FA0102B89B1B0 /* Pods-BluetoothDemo.release.xcconfig */,
			);
			name = Pods;
			sourceTree = "<group>";
		};
/* End PBXGroup section */

/* Begin PBXNativeTarget section */
		039BB4E41CBE38310060B6C1 /* BluetoothDemo */ = {
			isa = PBXNativeTarget;
			buildConfigurationList = 039BB5121CBE38320060B6C1 /* Build configuration list for PBXNativeTarget "BluetoothDemo" */;
			buildPhases = (
				45DB5991BD5EDC51660446D8 /* Check Pods Manifest.lock */,
				039BB4E11CBE38310060B6C1 /* Sources */,
				039BB4E21CBE38310060B6C1 /* Frameworks */,
				039BB4E31CBE38310060B6C1 /* Resources */,
				FFBA6ED9AA25067D63533020 /* Embed Pods Frameworks */,
				1FBDABF160F3B5A126984FDB /* Copy Pods Resources */,
			);
			buildRules = (
			);
			dependencies = (
			);
			name = BluetoothDemo;
			productName = BluetoothDemo;
			productReference = 039BB4E51CBE38310060B6C1 /* BluetoothDemo.app */;
			productType = "com.apple.product-type.application";
		};
		039BB4FD1CBE38320060B6C1 /* BluetoothDemoTests */ = {
			isa = PBXNativeTarget;
			buildConfigurationList = 039BB5151CBE38320060B6C1 /* Build configuration list for PBXNativeTarget "BluetoothDemoTests" */;
			buildPhases = (
				039BB4FA1CBE38320060B6C1 /* Sources */,
				039BB4FB1CBE38320060B6C1 /* Frameworks */,
				039BB4FC1CBE38320060B6C1 /* Resources */,
			);
			buildRules = (
			);
			dependencies = (
				039BB5001CBE38320060B6C1 /* PBXTargetDependency */,
			);
			name = BluetoothDemoTests;
			productName = BluetoothDemoTests;
			productReference = 039BB4FE1CBE38320060B6C1 /* BluetoothDemoTests.xctest */;
			productType = "com.apple.product-type.bundle.unit-test";
		};
		039BB5081CBE38320060B6C1 /* BluetoothDemoUITests */ = {
			isa = PBXNativeTarget;
			buildConfigurationList = 039BB5181CBE38320060B6C1 /* Build configuration list for PBXNativeTarget "BluetoothDemoUITests" */;
			buildPhases = (
				039BB5051CBE38320060B6C1 /* Sources */,
				039BB5061CBE38320060B6C1 /* Frameworks */,
				039BB5071CBE38320060B6C1 /* Resources */,
			);
			buildRules = (
			);
			dependencies = (
				039BB50B1CBE38320060B6C1 /* PBXTargetDependency */,
			);
			name = BluetoothDemoUITests;
			productName = BluetoothDemoUITests;
			productReference = 039BB5091CBE38320060B6C1 /* BluetoothDemoUITests.xctest */;
			productType = "com.apple.product-type.bundle.ui-testing";
		};
/* End PBXNativeTarget section */

/* Begin PBXProject section */
		039BB4DD1CBE38310060B6C1 /* Project object */ = {
			isa = PBXProject;
			attributes = {
				LastUpgradeCheck = 0730;
				ORGANIZATIONNAME = whatywhaty;
				TargetAttributes = {
					039BB4E41CBE38310060B6C1 = {
						CreatedOnToolsVersion = 7.3;
						DevelopmentTeam = FKNL9XPTDS;
					};
					039BB4FD1CBE38320060B6C1 = {
						CreatedOnToolsVersion = 7.3;
						TestTargetID = 039BB4E41CBE38310060B6C1;
					};
					039BB5081CBE38320060B6C1 = {
						CreatedOnToolsVersion = 7.3;
						TestTargetID = 039BB4E41CBE38310060B6C1;
					};
				};
			};
			buildConfigurationList = 039BB4E01CBE38310060B6C1 /* Build configuration list for PBXProject "BluetoothDemo" */;
			compatibilityVersion = "Xcode 3.2";
			developmentRegion = English;
			hasScannedForEncodings = 0;
			knownRegions = (
				en,
				Base,
			);
			mainGroup = 039BB4DC1CBE38310060B6C1;
			productRefGroup = 039BB4E61CBE38310060B6C1 /* Products */;
			projectDirPath = "";
			projectRoot = "";
			targets = (
				039BB4E41CBE38310060B6C1 /* BluetoothDemo */,
				039BB4FD1CBE38320060B6C1 /* BluetoothDemoTests */,
				039BB5081CBE38320060B6C1 /* BluetoothDemoUITests */,
			);
		};
/* End PBXProject section */

/* Begin PBXResourcesBuildPhase section */
		039BB4E31CBE38310060B6C1 /* Resources */ = {
			isa = PBXResourcesBuildPhase;
			buildActionMask = 2147483647;
			files = (
				039BB4F81CBE38310060B6C1 /* LaunchScreen.storyboard in Resources */,
				039BB4F51CBE38310060B6C1 /* Assets.xcassets in Resources */,
				039BB4F31CBE38310060B6C1 /* Main.storyboard in Resources */,
			);
			runOnlyForDeploymentPostprocessing = 0;
		};
		039BB4FC1CBE38320060B6C1 /* Resources */ = {
			isa = PBXResourcesBuildPhase;
			buildActionMask = 2147483647;
			files = (
			);
			runOnlyForDeploymentPostprocessing = 0;
		};
		039BB5071CBE38320060B6C1 /* Resources */ = {
			isa = PBXResourcesBuildPhase;
			buildActionMask = 2147483647;
			files = (
			);
			runOnlyForDeploymentPostprocessing = 0;
		};
/* End PBXResourcesBuildPhase section */

/* Begin PBXShellScriptBuildPhase section */
		1FBDABF160F3B5A126984FDB /* Copy Pods Resources */ = {
			isa = PBXShellScriptBuildPhase;
			buildActionMask = 2147483647;
			files = (
			);
			inputPaths = (
			);
			name = "Copy Pods Resources";
			outputPaths = (
			);
			runOnlyForDeploymentPostprocessing = 0;
			shellPath = /bin/sh;
			shellScript = "\"${SRCROOT}/Pods/Target Support Files/Pods-BluetoothDemo/Pods-BluetoothDemo-resources.sh\"\n";
			showEnvVarsInLog = 0;
		};
		45DB5991BD5EDC51660446D8 /* Check Pods Manifest.lock */ = {
			isa = PBXShellScriptBuildPhase;
			buildActionMask = 2147483647;
			files = (
			);
			inputPaths = (
			);
			name = "Check Pods Manifest.lock";
			outputPaths = (
			);
			runOnlyForDeploymentPostprocessing = 0;
			shellPath = /bin/sh;
			shellScript = "diff \"${PODS_ROOT}/../Podfile.lock\" \"${PODS_ROOT}/Manifest.lock\" > /dev/null\nif [[ $? != 0 ]] ; then\n    cat << EOM\nerror: The sandbox is not in sync with the Podfile.lock. Run 'pod install' or update your CocoaPods installation.\nEOM\n    exit 1\nfi\n";
			showEnvVarsInLog = 0;
		};
		FFBA6ED9AA25067D63533020 /* Embed Pods Frameworks */ = {
			isa = PBXShellScriptBuildPhase;
			buildActionMask = 2147483647;
			files = (
			);
			inputPaths = (
			);
			name = "Embed Pods Frameworks";
			outputPaths = (
			);
			runOnlyForDeploymentPostprocessing = 0;
			shellPath = /bin/sh;
			shellScript = "\"${SRCROOT}/Pods/Target Support Files/Pods-BluetoothDemo/Pods-BluetoothDemo-frameworks.sh\"\n";
			showEnvVarsInLog = 0;
		};
/* End PBXShellScriptBuildPhase section */

/* Begin PBXSourcesBuildPhase section */
		039BB4E11CBE38310060B6C1 /* Sources */ = {
			isa = PBXSourcesBuildPhase;
			buildActionMask = 2147483647;
			files = (
				039BB51D1CBE38620060B6C1 /* BlueTooth.m in Sources */,
				039BB5201CBE3D860060B6C1 /* MessageViewController.m in Sources */,
				039BB4F01CBE38310060B6C1 /* ViewController.m in Sources */,
				039BB4ED1CBE38310060B6C1 /* AppDelegate.m in Sources */,
				039BB4EA1CBE38310060B6C1 /* main.m in Sources */,
			);
			runOnlyForDeploymentPostprocessing = 0;
		};
		039BB4FA1CBE38320060B6C1 /* Sources */ = {
			isa = PBXSourcesBuildPhase;
			buildActionMask = 2147483647;
			files = (
				039BB5031CBE38320060B6C1 /* BluetoothDemoTests.m in Sources */,
			);
			runOnlyForDeploymentPostprocessing = 0;
		};
		039BB5051CBE38320060B6C1 /* Sources */ = {
			isa = PBXSourcesBuildPhase;
			buildActionMask = 2147483647;
			files = (
				039BB50E1CBE38320060B6C1 /* BluetoothDemoUITests.m in Sources */,
			);
			runOnlyForDeploymentPostprocessing = 0;
		};
/* End PBXSourcesBuildPhase section */

/* Begin PBXTargetDependency section */
		039BB5001CBE38320060B6C1 /* PBXTargetDependency */ = {
			isa = PBXTargetDependency;
			target = 039BB4E41CBE38310060B6C1 /* BluetoothDemo */;
			targetProxy = 039BB4FF1CBE38320060B6C1 /* PBXContainerItemProxy */;
		};
		039BB50B1CBE38320060B6C1 /* PBXTargetDependency */ = {
			isa = PBXTargetDependency;
			target = 039BB4E41CBE38310060B6C1 /* BluetoothDemo */;
			targetProxy = 039BB50A1CBE38320060B6C1 /* PBXContainerItemProxy */;
		};
/* End PBXTargetDependency section */

/* Begin PBXVariantGroup section */
		039BB4F11CBE38310060B6C1 /* Main.storyboard */ = {
			isa = PBXVariantGroup;
			children = (
				039BB4F21CBE38310060B6C1 /* Base */,
			);
			name = Main.storyboard;
			sourceTree = "<group>";
		};
		039BB4F61CBE38310060B6C1 /* LaunchScreen.storyboard */ = {
			isa = PBXVariantGroup;
			children = (
				039BB4F71CBE38310060B6C1 /* Base */,
			);
			name = LaunchScreen.storyboard;
			sourceTree = "<group>";
		};
/* End PBXVariantGroup section */

/* Begin XCBuildConfiguration section */
		039BB5101CBE38320060B6C1 /* Debug */ = {
			isa = XCBuildConfiguration;
			buildSettings = {
				ALWAYS_SEARCH_USER_PATHS = NO;
				CLANG_ANALYZER_NONNULL = YES;
				CLANG_CXX_LANGUAGE_STANDARD = "gnu++0x";
				CLANG_CXX_LIBRARY = "libc++";
				CLANG_ENABLE_MODULES = YES;
				CLANG_ENABLE_OBJC_ARC = YES;
				CLANG_WARN_BOOL_CONVERSION = YES;
				CLANG_WARN_CONSTANT_CONVERSION = YES;
				CLANG_WARN_DIRECT_OBJC_ISA_USAGE = YES_ERROR;
				CLANG_WARN_EMPTY_BODY = YES;
				CLANG_WARN_ENUM_CONVERSION = YES;
				CLANG_WARN_INT_CONVERSION = YES;
				CLANG_WARN_OBJC_ROOT_CLASS = YES_ERROR;
				CLANG_WARN_UNREACHABLE_CODE = YES;
				CLANG_WARN__DUPLICATE_METHOD_MATCH = YES;
				"CODE_SIGN_IDENTITY[sdk=iphoneos*]" = "iPhone Developer";
				COPY_PHASE_STRIP = NO;
				DEBUG_INFORMATION_FORMAT = dwarf;
				ENABLE_STRICT_OBJC_MSGSEND = YES;
				ENABLE_TESTABILITY = YES;
				GCC_C_LANGUAGE_STANDARD = gnu99;
				GCC_DYNAMIC_NO_PIC = NO;
				GCC_NO_COMMON_BLOCKS = YES;
				GCC_OPTIMIZATION_LEVEL = 0;
				GCC_PREPROCESSOR_DEFINITIONS = (
					"DEBUG=1",
					"$(inherited)",
				);
				GCC_WARN_64_TO_32_BIT_CONVERSION = YES;
				GCC_WARN_ABOUT_RETURN_TYPE = YES_ERROR;
				GCC_WARN_UNDECLARED_SELECTOR = YES;
				GCC_WARN_UNINITIALIZED_AUTOS = YES_AGGRESSIVE;
				GCC_WARN_UNUSED_FUNCTION = YES;
				GCC_WARN_UNUSED_VARIABLE = YES;
				IPHONEOS_DEPLOYMENT_TARGET = 9.3;
				MTL_ENABLE_DEBUG_INFO = YES;
				ONLY_ACTIVE_ARCH = YES;
				SDKROOT = iphoneos;
			};
			name = Debug;
		};
		039BB5111CBE38320060B6C1 /* Release */ = {
			isa = XCBuildConfiguration;
			buildSettings = {
				ALWAYS_SEARCH_USER_PATHS = NO;
				CLANG_ANALYZER_NONNULL = YES;
				CLANG_CXX_LANGUAGE_STANDARD = "gnu++0x";
				CLANG_CXX_LIBRARY = "libc++";
				CLANG_ENABLE_MODULES = YES;
				CLANG_ENABLE_OBJC_ARC = YES;
				CLANG_WARN_BOOL_CONVERSION = YES;
				CLANG_WARN_CONSTANT_CONVERSION = YES;
				CLANG_WARN_DIRECT_OBJC_ISA_USAGE = YES_ERROR;
				CLANG_WARN_EMPTY_BODY = YES;
				CLANG_WARN_ENUM_CONVERSION = YES;
				CLANG_WARN_INT_CONVERSION = YES;
				CLANG_WARN_OBJC_ROOT_CLASS = YES_ERROR;
				CLANG_WARN_UNREACHABLE_CODE = YES;
				CLANG_WARN__DUPLICATE_METHOD_MATCH = YES;
				"CODE_SIGN_IDENTITY[sdk=iphoneos*]" = "iPhone Developer";
				COPY_PHASE_STRIP = NO;
				DEBUG_INFORMATION_FORMAT = "dwarf-with-dsym";
				ENABLE_NS_ASSERTIONS = NO;
				ENABLE_STRICT_OBJC_MSGSEND = YES;
				GCC_C_LANGUAGE_STANDARD = gnu99;
				GCC_NO_COMMON_BLOCKS = YES;
				GCC_WARN_64_TO_32_BIT_CONVERSION = YES;
				GCC_WARN_ABOUT_RETURN_TYPE = YES_ERROR;
				GCC_WARN_UNDECLARED_SELECTOR = YES;
				GCC_WARN_UNINITIALIZED_AUTOS = YES_AGGRESSIVE;
				GCC_WARN_UNUSED_FUNCTION = YES;
				GCC_WARN_UNUSED_VARIABLE = YES;
				IPHONEOS_DEPLOYMENT_TARGET = 9.3;
				MTL_ENABLE_DEBUG_INFO = NO;
				SDKROOT = iphoneos;
				VALIDATE_PRODUCT = YES;
			};
			name = Release;
		};
		039BB5131CBE38320060B6C1 /* Debug */ = {
			isa = XCBuildConfiguration;
			baseConfigurationReference = 6B49079A059C0413504FCC28 /* Pods-BluetoothDemo.debug.xcconfig */;
			buildSettings = {
				ASSETCATALOG_COMPILER_APPICON_NAME = AppIcon;
				CODE_SIGN_IDENTITY = "iPhone Developer";
				"CODE_SIGN_IDENTITY[sdk=iphoneos*]" = "iPhone Developer";
				INFOPLIST_FILE = BluetoothDemo/Info.plist;
				IPHONEOS_DEPLOYMENT_TARGET = 8.0;
				LD_RUNPATH_SEARCH_PATHS = "$(inherited) @executable_path/Frameworks";
				PRODUCT_BUNDLE_IDENTIFIER = com.dht.BluetoothDemo;
				PRODUCT_NAME = "$(TARGET_NAME)";
				PROVISIONING_PROFILE = "";
			};
			name = Debug;
		};
		039BB5141CBE38320060B6C1 /* Release */ = {
			isa = XCBuildConfiguration;
			baseConfigurationReference = 2F29A10B8F1FA0102B89B1B0 /* Pods-BluetoothDemo.release.xcconfig */;
			buildSettings = {
				ASSETCATALOG_COMPILER_APPICON_NAME = AppIcon;
				CODE_SIGN_IDENTITY = "iPhone Developer";
				"CODE_SIGN_IDENTITY[sdk=iphoneos*]" = "iPhone Developer";
				INFOPLIST_FILE = BluetoothDemo/Info.plist;
				IPHONEOS_DEPLOYMENT_TARGET = 8.0;
				LD_RUNPATH_SEARCH_PATHS = "$(inherited) @executable_path/Frameworks";
				PRODUCT_BUNDLE_IDENTIFIER = com.dht.BluetoothDemo;
				PRODUCT_NAME = "$(TARGET_NAME)";
				PROVISIONING_PROFILE = "";
			};
			name = Release;
		};
		039BB5161CBE38320060B6C1 /* Debug */ = {
			isa = XCBuildConfiguration;
			buildSettings = {
				BUNDLE_LOADER = "$(TEST_HOST)";
				INFOPLIST_FILE = BluetoothDemoTests/Info.plist;
				LD_RUNPATH_SEARCH_PATHS = "$(inherited) @executable_path/Frameworks @loader_path/Frameworks";
				PRODUCT_BUNDLE_IDENTIFIER = com.dht.BluetoothDemoTests;
				PRODUCT_NAME = "$(TARGET_NAME)";
				TEST_HOST = "$(BUILT_PRODUCTS_DIR)/BluetoothDemo.app/BluetoothDemo";
			};
			name = Debug;
		};
		039BB5171CBE38320060B6C1 /* Release */ = {
			isa = XCBuildConfiguration;
			buildSettings = {
				BUNDLE_LOADER = "$(TEST_HOST)";
				INFOPLIST_FILE = BluetoothDemoTests/Info.plist;
				LD_RUNPATH_SEARCH_PATHS = "$(inherited) @executable_path/Frameworks @loader_path/Frameworks";
				PRODUCT_BUNDLE_IDENTIFIER = com.dht.BluetoothDemoTests;
				PRODUCT_NAME = "$(TARGET_NAME)";
				TEST_HOST = "$(BUILT_PRODUCTS_DIR)/BluetoothDemo.app/BluetoothDemo";
			};
			name = Release;
		};
		039BB5191CBE38320060B6C1 /* Debug */ = {
			isa = XCBuildConfiguration;
			buildSettings = {
				INFOPLIST_FILE = BluetoothDemoUITests/Info.plist;
				LD_RUNPATH_SEARCH_PATHS = "$(inherited) @executable_path/Frameworks @loader_path/Frameworks";
				PRODUCT_BUNDLE_IDENTIFIER = com.dht.BluetoothDemoUITests;
				PRODUCT_NAME = "$(TARGET_NAME)";
				TEST_TARGET_NAME = BluetoothDemo;
			};
			name = Debug;
		};
		039BB51A1CBE38320060B6C1 /* Release */ = {
			isa = XCBuildConfiguration;
			buildSettings = {
				INFOPLIST_FILE = BluetoothDemoUITests/Info.plist;
				LD_RUNPATH_SEARCH_PATHS = "$(inherited) @executable_path/Frameworks @loader_path/Frameworks";
				PRODUCT_BUNDLE_IDENTIFIER = com.dht.BluetoothDemoUITests;
				PRODUCT_NAME = "$(TARGET_NAME)";
				TEST_TARGET_NAME = BluetoothDemo;
			};
			name = Release;
		};
/* End XCBuildConfiguration section */

/* Begin XCConfigurationList section */
		039BB4E01CBE38310060B6C1 /* Build configuration list for PBXProject "BluetoothDemo" */ = {
			isa = XCConfigurationList;
			buildConfigurations = (
				039BB5101CBE38320060B6C1 /* Debug */,
				039BB5111CBE38320060B6C1 /* Release */,
			);
			defaultConfigurationIsVisible = 0;
			defaultConfigurationName = Release;
		};
		039BB5121CBE38320060B6C1 /* Build configuration list for PBXNativeTarget "BluetoothDemo" */ = {
			isa = XCConfigurationList;
			buildConfigurations = (
				039BB5131CBE38320060B6C1 /* Debug */,
				039BB5141CBE38320060B6C1 /* Release */,
			);
			defaultConfigurationIsVisible = 0;
			defaultConfigurationName = Release;
		};
		039BB5151CBE38320060B6C1 /* Build configuration list for PBXNativeTarget "BluetoothDemoTests" */ = {
			isa = XCConfigurationList;
			buildConfigurations = (
				039BB5161CBE38320060B6C1 /* Debug */,
				039BB5171CBE38320060B6C1 /* Release */,
			);
			defaultConfigurationIsVisible = 0;
			defaultConfigurationName = Release;
		};
		039BB5181CBE38320060B6C1 /* Build configuration list for PBXNativeTarget "BluetoothDemoUITests" */ = {
			isa = XCConfigurationList;
			buildConfigurations = (
				039BB5191CBE38320060B6C1 /* Debug */,
				039BB51A1CBE38320060B6C1 /* Release */,
			);
			defaultConfigurationIsVisible = 0;
			defaultConfigurationName = Release;
		};
/* End XCConfigurationList section */
	};
	rootObject = 039BB4DD1CBE38310060B6C1 /* Project object */;
}
